
Microsoft Visual Studio Solution File, Format Version 12.00
# Visual Studio Version 16
VisualStudioVersion = 16.0.31702.278
MinimumVisualStudioVersion = 10.0.40219.1
Project("{9A19103F-16F7-4668-BE54-9A1E7A4F7556}") = "banka_otomasyonu", "banka_otomasyonu.csproj", "{8FF42883-81A0-449B-A09B-0EA02F1F7043}"
EndProject
Global
	GlobalSection(SolutionConfigurationPlatforms) = preSolution
		Debug|Any CPU = Debug|Any CPU
		Release|Any CPU = Release|Any CPU
	EndGlobalSection
	GlobalSection(ProjectConfigurationPlatforms) = postSolution
		{8FF42883-81A0-449B-A09B-0EA02F1F7043}.Debug|Any CPU.ActiveCfg = Debug|Any CPU
		{8FF42883-81A0-449B-A09B-0EA02F1F7043}.Debug|Any CPU.Build.0 = Debug|Any CPU
		{8FF42883-81A0-449B-A09B-0EA02F1F7043}.Release|Any CPU.ActiveCfg = Release|Any CPU
		{8FF42883-81A0-449B-A09B-0EA02F1F7043}.Release|Any CPU.Build.0 = Release|Any CPU
	EndGlobalSection
	GlobalSection(SolutionProperties) = preSolution
		HideSolutionNode = FALSE
	EndGlobalSection
	GlobalSection(ExtensibilityGlobals) = postSolution
		SolutionGuid = {1C750060-5B34-4028-ADCE-C11EEB078923}
	EndGlobalSection
EndGlobal
